// !$*UTF8*$!
{
	archiveVersion = 1;
	classes = {
	};
	objectVersion = 56;
	objects = {

/* Begin PBXBuildFile section */
		9B9AEA8F2BCD7BE200D663FB /* LearningView.swift in Sources */ = {isa = PBXBuildFile; fileRef = 9B9AEA8E2BCD7BE200D663FB /* LearningView.swift */; };
		9BF514602B94F94500C75AFC /* SpellingAppOnlineApp.swift in Sources */ = {isa = PBXBuildFile; fileRef = 9BF5145F2B94F94500C75AFC /* SpellingAppOnlineApp.swift */; };
		9BF514622B94F94500C75AFC /* ContentView.swift in Sources */ = {isa = PBXBuildFile; fileRef = 9BF514612B94F94500C75AFC /* ContentView.swift */; };
		9BF514642B94F94700C75AFC /* Assets.xcassets in Resources */ = {isa = PBXBuildFile; fileRef = 9BF514632B94F94700C75AFC /* Assets.xcassets */; };
		9BF514672B94F94700C75AFC /* Preview Assets.xcassets in Resources */ = {isa = PBXBuildFile; fileRef = 9BF514662B94F94700C75AFC /* Preview Assets.xcassets */; };
		9BF514712B94F94700C75AFC /* SpellingAppOnlineTests.swift in Sources */ = {isa = PBXBuildFile; fileRef = 9BF514702B94F94700C75AFC /* SpellingAppOnlineTests.swift */; };
		9BF5147B2B94F94700C75AFC /* SpellingAppOnlineUITests.swift in Sources */ = {isa = PBXBuildFile; fileRef = 9BF5147A2B94F94700C75AFC /* SpellingAppOnlineUITests.swift */; };
		9BF5147D2B94F94700C75AFC /* SpellingAppOnlineUITestsLaunchTests.swift in Sources */ = {isa = PBXBuildFile; fileRef = 9BF5147C2B94F94700C75AFC /* SpellingAppOnlineUITestsLaunchTests.swift */; };
		9BF5148A2B94FA5B00C75AFC /* WordsData.swift in Sources */ = {isa = PBXBuildFile; fileRef = 9BF514892B94FA5B00C75AFC /* WordsData.swift */; };
		9BF514912B94FA8600C75AFC /* OralTestView.swift in Sources */ = {isa = PBXBuildFile; fileRef = 9BF5148B2B94FA8600C75AFC /* OralTestView.swift */; };
		9BF514922B94FA8600C75AFC /* SelfTestView.swift in Sources */ = {isa = PBXBuildFile; fileRef = 9BF5148C2B94FA8600C75AFC /* SelfTestView.swift */; };
		9BF514932B94FA8600C75AFC /* UnoGameView.swift in Sources */ = {isa = PBXBuildFile; fileRef = 9BF5148D2B94FA8600C75AFC /* UnoGameView.swift */; };
		9BF514952B94FA8600C75AFC /* ResultsView.swift in Sources */ = {isa = PBXBuildFile; fileRef = 9BF5148F2B94FA8600C75AFC /* ResultsView.swift */; };
		9BF514962B94FA8600C75AFC /* Speech.swift in Sources */ = {isa = PBXBuildFile; fileRef = 9BF514902B94FA8600C75AFC /* Speech.swift */; };
		9BF514982B95020800C75AFC /* README.md in Resources */ = {isa = PBXBuildFile; fileRef = 9BF514972B95020700C75AFC /* README.md */; };
/* End PBXBuildFile section */

/* Begin PBXContainerItemProxy section */
		9BF5146D2B94F94700C75AFC /* PBXContainerItemProxy */ = {
			isa = PBXContainerItemProxy;
			containerPortal = 9BF514542B94F94500C75AFC /* Project object */;
			proxyType = 1;
			remoteGlobalIDString = 9BF5145B2B94F94500C75AFC;
			remoteInfo = SpellingAppOnline;
		};
		9BF514772B94F94700C75AFC /* PBXContainerItemProxy */ = {
			isa = PBXContainerItemProxy;
			containerPortal = 9BF514542B94F94500C75AFC /* Project object */;
			proxyType = 1;
			remoteGlobalIDString = 9BF5145B2B94F94500C75AFC;
			remoteInfo = SpellingAppOnline;
		};
/* End PBXContainerItemProxy section */

/* Begin PBXFileReference section */
		9B9AEA8E2BCD7BE200D663FB /* LearningView.swift */ = {isa = PBXFileReference; fileEncoding = 4; lastKnownFileType = sourcecode.swift; path = LearningView.swift; sourceTree = "<group>"; };
		9BF5145C2B94F94500C75AFC /* SpellingAppOnline.app */ = {isa = PBXFileReference; explicitFileType = wrapper.application; includeInIndex = 0; path = SpellingAppOnline.app; sourceTree = BUILT_PRODUCTS_DIR; };
		9BF5145F2B94F94500C75AFC /* SpellingAppOnlineApp.swift */ = {isa = PBXFileReference; lastKnownFileType = sourcecode.swift; path = SpellingAppOnlineApp.swift; sourceTree = "<group>"; };
		9BF514612B94F94500C75AFC /* ContentView.swift */ = {isa = PBXFileReference; lastKnownFileType = sourcecode.swift; path = ContentView.swift; sourceTree = "<group>"; };
		9BF514632B94F94700C75AFC /* Assets.xcassets */ = {isa = PBXFileReference; lastKnownFileType = folder.assetcatalog; path = Assets.xcassets; sourceTree = "<group>"; };
		9BF514662B94F94700C75AFC /* Preview Assets.xcassets */ = {isa = PBXFileReference; lastKnownFileType = folder.assetcatalog; path = "Preview Assets.xcassets"; sourceTree = "<group>"; };
		9BF5146C2B94F94700C75AFC /* SpellingAppOnlineTests.xctest */ = {isa = PBXFileReference; explicitFileType = wrapper.cfbundle; includeInIndex = 0; path = SpellingAppOnlineTests.xctest; sourceTree = BUILT_PRODUCTS_DIR; };
		9BF514702B94F94700C75AFC /* SpellingAppOnlineTests.swift */ = {isa = PBXFileReference; lastKnownFileType = sourcecode.swift; path = SpellingAppOnlineTests.swift; sourceTree = "<group>"; };
		9BF514762B94F94700C75AFC /* SpellingAppOnlineUITests.xctest */ = {isa = PBXFileReference; explicitFileType = wrapper.cfbundle; includeInIndex = 0; path = SpellingAppOnlineUITests.xctest; sourceTree = BUILT_PRODUCTS_DIR; };
		9BF5147A2B94F94700C75AFC /* SpellingAppOnlineUITests.swift */ = {isa = PBXFileReference; lastKnownFileType = sourcecode.swift; path = SpellingAppOnlineUITests.swift; sourceTree = "<group>"; };
		9BF5147C2B94F94700C75AFC /* SpellingAppOnlineUITestsLaunchTests.swift */ = {isa = PBXFileReference; lastKnownFileType = sourcecode.swift; path = SpellingAppOnlineUITestsLaunchTests.swift; sourceTree = "<group>"; };
		9BF514892B94FA5B00C75AFC /* WordsData.swift */ = {isa = PBXFileReference; fileEncoding = 4; lastKnownFileType = sourcecode.swift; path = WordsData.swift; sourceTree = "<group>"; };
		9BF5148B2B94FA8600C75AFC /* OralTestView.swift */ = {isa = PBXFileReference; fileEncoding = 4; lastKnownFileType = sourcecode.swift; path = OralTestView.swift; sourceTree = "<group>"; };
		9BF5148C2B94FA8600C75AFC /* SelfTestView.swift */ = {isa = PBXFileReference; fileEncoding = 4; lastKnownFileType = sourcecode.swift; path = SelfTestView.swift; sourceTree = "<group>"; };
		9BF5148D2B94FA8600C75AFC /* UnoGameView.swift */ = {isa = PBXFileReference; fileEncoding = 4; lastKnownFileType = sourcecode.swift; path = UnoGameView.swift; sourceTree = "<group>"; };
		9BF5148F2B94FA8600C75AFC /* ResultsView.swift */ = {isa = PBXFileReference; fileEncoding = 4; lastKnownFileType = sourcecode.swift; path = ResultsView.swift; sourceTree = "<group>"; };
		9BF514902B94FA8600C75AFC /* Speech.swift */ = {isa = PBXFileReference; fileEncoding = 4; lastKnownFileType = sourcecode.swift; path = Speech.swift; sourceTree = "<group>"; };
		9BF514972B95020700C75AFC /* README.md */ = {isa = PBXFileReference; fileEncoding = 4; lastKnownFileType = net.daringfireball.markdown; path = README.md; sourceTree = SOURCE_ROOT; };
/* End PBXFileReference section */

/* Begin PBXFrameworksBuildPhase section */
		9BF514592B94F94500C75AFC /* Frameworks */ = {
			isa = PBXFrameworksBuildPhase;
			buildActionMask = 2147483647;
			files = (
			);
			runOnlyForDeploymentPostprocessing = 0;
		};
		9BF514692B94F94700C75AFC /* Frameworks */ = {
			isa = PBXFrameworksBuildPhase;
			buildActionMask = 2147483647;
			files = (
			);
			runOnlyForDeploymentPostprocessing = 0;
		};
		9BF514732B94F94700C75AFC /* Frameworks */ = {
			isa = PBXFrameworksBuildPhase;
			buildActionMask = 2147483647;
			files = (
			);
			runOnlyForDeploymentPostprocessing = 0;
		};
/* End PBXFrameworksBuildPhase section */

/* Begin PBXGroup section */
		9BF514532B94F94500C75AFC = {
			isa = PBXGroup;
			children = (
				9BF5145E2B94F94500C75AFC /* SpellingAppOnline */,
				9BF5146F2B94F94700C75AFC /* SpellingAppOnlineTests */,
				9BF514792B94F94700C75AFC /* SpellingAppOnlineUITests */,
				9BF5145D2B94F94500C75AFC /* Products */,
			);
			sourceTree = "<group>";
		};
		9BF5145D2B94F94500C75AFC /* Products */ = {
			isa = PBXGroup;
			children = (
				9BF5145C2B94F94500C75AFC /* SpellingAppOnline.app */,
				9BF5146C2B94F94700C75AFC /* SpellingAppOnlineTests.xctest */,
				9BF514762B94F94700C75AFC /* SpellingAppOnlineUITests.xctest */,
			);
			name = Products;
			sourceTree = "<group>";
		};
		9BF5145E2B94F94500C75AFC /* SpellingAppOnline */ = {
			isa = PBXGroup;
			children = (
				9BF514972B95020700C75AFC /* README.md */,
				9BF5145F2B94F94500C75AFC /* SpellingAppOnlineApp.swift */,
				9BF514612B94F94500C75AFC /* ContentView.swift */,
				9B9AEA8E2BCD7BE200D663FB /* LearningView.swift */,
				9BF514892B94FA5B00C75AFC /* WordsData.swift */,
				9BF5148B2B94FA8600C75AFC /* OralTestView.swift */,
				9BF5148F2B94FA8600C75AFC /* ResultsView.swift */,
				9BF5148C2B94FA8600C75AFC /* SelfTestView.swift */,
				9BF514902B94FA8600C75AFC /* Speech.swift */,
				9BF5148D2B94FA8600C75AFC /* UnoGameView.swift */,
				9BF514632B94F94700C75AFC /* Assets.xcassets */,
				9BF514652B94F94700C75AFC /* Preview Content */,
			);
			path = SpellingAppOnline;
			sourceTree = "<group>";
		};
		9BF514652B94F94700C75AFC /* Preview Content */ = {
			isa = PBXGroup;
			children = (
				9BF514662B94F94700C75AFC /* Preview Assets.xcassets */,
			);
			path = "Preview Content";
			sourceTree = "<group>";
		};
		9BF5146F2B94F94700C75AFC /* SpellingAppOnlineTests */ = {
			isa = PBXGroup;
			children = (
				9BF514702B94F94700C75AFC /* SpellingAppOnlineTests.swift */,
			);
			path = SpellingAppOnlineTests;
			sourceTree = "<group>";
		};
		9BF514792B94F94700C75AFC /* SpellingAppOnlineUITests */ = {
			isa = PBXGroup;
			children = (
				9BF5147A2B94F94700C75AFC /* SpellingAppOnlineUITests.swift */,
				9BF5147C2B94F94700C75AFC /* SpellingAppOnlineUITestsLaunchTests.swift */,
			);
			path = SpellingAppOnlineUITests;
			sourceTree = "<group>";
		};
/* End PBXGroup section */

/* Begin PBXNativeTarget section */
		9BF5145B2B94F94500C75AFC /* SpellingAppOnline */ = {
			isa = PBXNativeTarget;
			buildConfigurationList = 9BF514802B94F94700C75AFC /* Build configuration list for PBXNativeTarget "SpellingAppOnline" */;
			buildPhases = (
				9BF514582B94F94500C75AFC /* Sources */,
				9BF514592B94F94500C75AFC /* Frameworks */,
				9BF5145A2B94F94500C75AFC /* Resources */,
			);
			buildRules = (
			);
			dependencies = (
			);
			name = SpellingAppOnline;
			productName = SpellingAppOnline;
			productReference = 9BF5145C2B94F94500C75AFC /* SpellingAppOnline.app */;
			productType = "com.apple.product-type.application";
		};
		9BF5146B2B94F94700C75AFC /* SpellingAppOnlineTests */ = {
			isa = PBXNativeTarget;
			buildConfigurationList = 9BF514832B94F94700C75AFC /* Build configuration list for PBXNativeTarget "SpellingAppOnlineTests" */;
			buildPhases = (
				9BF514682B94F94700C75AFC /* Sources */,
				9BF514692B94F94700C75AFC /* Frameworks */,
				9BF5146A2B94F94700C75AFC /* Resources */,
			);
			buildRules = (
			);
			dependencies = (
				9BF5146E2B94F94700C75AFC /* PBXTargetDependency */,
			);
			name = SpellingAppOnlineTests;
			productName = SpellingAppOnlineTests;
			productReference = 9BF5146C2B94F94700C75AFC /* SpellingAppOnlineTests.xctest */;
			productType = "com.apple.product-type.bundle.unit-test";
		};
		9BF514752B94F94700C75AFC /* SpellingAppOnlineUITests */ = {
			isa = PBXNativeTarget;
			buildConfigurationList = 9BF514862B94F94700C75AFC /* Build configuration list for PBXNativeTarget "SpellingAppOnlineUITests" */;
			buildPhases = (
				9BF514722B94F94700C75AFC /* Sources */,
				9BF514732B94F94700C75AFC /* Frameworks */,
				9BF514742B94F94700C75AFC /* Resources */,
			);
			buildRules = (
			);
			dependencies = (
				9BF514782B94F94700C75AFC /* PBXTargetDependency */,
			);
			name = SpellingAppOnlineUITests;
			productName = SpellingAppOnlineUITests;
			productReference = 9BF514762B94F94700C75AFC /* SpellingAppOnlineUITests.xctest */;
			productType = "com.apple.product-type.bundle.ui-testing";
		};
/* End PBXNativeTarget section */

/* Begin PBXProject section */
		9BF514542B94F94500C75AFC /* Project object */ = {
			isa = PBXProject;
			attributes = {
				BuildIndependentTargetsInParallel = 1;
				LastSwiftUpdateCheck = 1520;
				LastUpgradeCheck = 1520;
				TargetAttributes = {
					9BF5145B2B94F94500C75AFC = {
						CreatedOnToolsVersion = 15.2;
					};
					9BF5146B2B94F94700C75AFC = {
						CreatedOnToolsVersion = 15.2;
						TestTargetID = 9BF5145B2B94F94500C75AFC;
					};
					9BF514752B94F94700C75AFC = {
						CreatedOnToolsVersion = 15.2;
						TestTargetID = 9BF5145B2B94F94500C75AFC;
					};
				};
			};
			buildConfigurationList = 9BF514572B94F94500C75AFC /* Build configuration list for PBXProject "SpellingAppOnline" */;
			compatibilityVersion = "Xcode 14.0";
			developmentRegion = en;
			hasScannedForEncodings = 0;
			knownRegions = (
				en,
				Base,
			);
			mainGroup = 9BF514532B94F94500C75AFC;
			productRefGroup = 9BF5145D2B94F94500C75AFC /* Products */;
			projectDirPath = "";
			projectRoot = "";
			targets = (
				9BF5145B2B94F94500C75AFC /* SpellingAppOnline */,
				9BF5146B2B94F94700C75AFC /* SpellingAppOnlineTests */,
				9BF514752B94F94700C75AFC /* SpellingAppOnlineUITests */,
			);
		};
/* End PBXProject section */

/* Begin PBXResourcesBuildPhase section */
		9BF5145A2B94F94500C75AFC /* Resources */ = {
			isa = PBXResourcesBuildPhase;
			buildActionMask = 2147483647;
			files = (
				9BF514982B95020800C75AFC /* README.md in Resources */,
				9BF514672B94F94700C75AFC /* Preview Assets.xcassets in Resources */,
				9BF514642B94F94700C75AFC /* Assets.xcassets in Resources */,
			);
			runOnlyForDeploymentPostprocessing = 0;
		};
		9BF5146A2B94F94700C75AFC /* Resources */ = {
			isa = PBXResourcesBuildPhase;
			buildActionMask = 2147483647;
			files = (
			);
			runOnlyForDeploymentPostprocessing = 0;
		};
		9BF514742B94F94700C75AFC /* Resources */ = {
			isa = PBXResourcesBuildPhase;
			buildActionMask = 2147483647;
			files = (
			);
			runOnlyForDeploymentPostprocessing = 0;
		};
/* End PBXResourcesBuildPhase section */

/* Begin PBXSourcesBuildPhase section */
		9BF514582B94F94500C75AFC /* Sources */ = {
			isa = PBXSourcesBuildPhase;
			buildActionMask = 2147483647;
			files = (
				9BF514962B94FA8600C75AFC /* Speech.swift in Sources */,
				9BF514622B94F94500C75AFC /* ContentView.swift in Sources */,
				9B9AEA8F2BCD7BE200D663FB /* LearningView.swift in Sources */,
				9BF514952B94FA8600C75AFC /* ResultsView.swift in Sources */,
				9BF514932B94FA8600C75AFC /* UnoGameView.swift in Sources */,
				9BF5148A2B94FA5B00C75AFC /* WordsData.swift in Sources */,
				9BF514912B94FA8600C75AFC /* OralTestView.swift in Sources */,
				9BF514922B94FA8600C75AFC /* SelfTestView.swift in Sources */,
				9BF514602B94F94500C75AFC /* SpellingAppOnlineApp.swift in Sources */,
			);
			runOnlyForDeploymentPostprocessing = 0;
		};
		9BF514682B94F94700C75AFC /* Sources */ = {
			isa = PBXSourcesBuildPhase;
			buildActionMask = 2147483647;
			files = (
				9BF514712B94F94700C75AFC /* SpellingAppOnlineTests.swift in Sources */,
			);
			runOnlyForDeploymentPostprocessing = 0;
		};
		9BF514722B94F94700C75AFC /* Sources */ = {
			isa = PBXSourcesBuildPhase;
			buildActionMask = 2147483647;
			files = (
				9BF5147B2B94F94700C75AFC /* SpellingAppOnlineUITests.swift in Sources */,
				9BF5147D2B94F94700C75AFC /* SpellingAppOnlineUITestsLaunchTests.swift in Sources */,
			);
			runOnlyForDeploymentPostprocessing = 0;
		};
/* End PBXSourcesBuildPhase section */

/* Begin PBXTargetDependency section */
		9BF5146E2B94F94700C75AFC /* PBXTargetDependency */ = {
			isa = PBXTargetDependency;
			target = 9BF5145B2B94F94500C75AFC /* SpellingAppOnline */;
			targetProxy = 9BF5146D2B94F94700C75AFC /* PBXContainerItemProxy */;
		};
		9BF514782B94F94700C75AFC /* PBXTargetDependency */ = {
			isa = PBXTargetDependency;
			target = 9BF5145B2B94F94500C75AFC /* SpellingAppOnline */;
			targetProxy = 9BF514772B94F94700C75AFC /* PBXContainerItemProxy */;
		};
/* End PBXTargetDependency section */

/* Begin XCBuildConfiguration section */
		9BF5147E2B94F94700C75AFC /* Debug */ = {
			isa = XCBuildConfiguration;
			buildSettings = {
				ALWAYS_SEARCH_USER_PATHS = NO;
				ASSETCATALOG_COMPILER_GENERATE_SWIFT_ASSET_SYMBOL_EXTENSIONS = YES;
				CLANG_ANALYZER_NONNULL = YES;
				CLANG_ANALYZER_NUMBER_OBJECT_CONVERSION = YES_AGGRESSIVE;
				CLANG_CXX_LANGUAGE_STANDARD = "gnu++20";
				CLANG_ENABLE_MODULES = YES;
				CLANG_ENABLE_OBJC_ARC = YES;
				CLANG_ENABLE_OBJC_WEAK = YES;
				CLANG_WARN_BLOCK_CAPTURE_AUTORELEASING = YES;
				CLANG_WARN_BOOL_CONVERSION = YES;
				CLANG_WARN_COMMA = YES;
				CLANG_WARN_CONSTANT_CONVERSION = YES;
				CLANG_WARN_DEPRECATED_OBJC_IMPLEMENTATIONS = YES;
				CLANG_WARN_DIRECT_OBJC_ISA_USAGE = YES_ERROR;
				CLANG_WARN_DOCUMENTATION_COMMENTS = YES;
				CLANG_WARN_EMPTY_BODY = YES;
				CLANG_WARN_ENUM_CONVERSION = YES;
				CLANG_WARN_INFINITE_RECURSION = YES;
				CLANG_WARN_INT_CONVERSION = YES;
				CLANG_WARN_NON_LITERAL_NULL_CONVERSION = YES;
				CLANG_WARN_OBJC_IMPLICIT_RETAIN_SELF = YES;
				CLANG_WARN_OBJC_LITERAL_CONVERSION = YES;
				CLANG_WARN_OBJC_ROOT_CLASS = YES_ERROR;
				CLANG_WARN_QUOTED_INCLUDE_IN_FRAMEWORK_HEADER = YES;
				CLANG_WARN_RANGE_LOOP_ANALYSIS = YES;
				CLANG_WARN_STRICT_PROTOTYPES = YES;
				CLANG_WARN_SUSPICIOUS_MOVE = YES;
				CLANG_WARN_UNGUARDED_AVAILABILITY = YES_AGGRESSIVE;
				CLANG_WARN_UNREACHABLE_CODE = YES;
				CLANG_WARN__DUPLICATE_METHOD_MATCH = YES;
				COPY_PHASE_STRIP = NO;
				DEBUG_INFORMATION_FORMAT = dwarf;
				ENABLE_STRICT_OBJC_MSGSEND = YES;
				ENABLE_TESTABILITY = YES;
				ENABLE_USER_SCRIPT_SANDBOXING = YES;
				GCC_C_LANGUAGE_STANDARD = gnu17;
				GCC_DYNAMIC_NO_PIC = NO;
				GCC_NO_COMMON_BLOCKS = YES;
				GCC_OPTIMIZATION_LEVEL = 0;
				GCC_PREPROCESSOR_DEFINITIONS = (
					"DEBUG=1",
					"$(inherited)",
				);
				GCC_WARN_64_TO_32_BIT_CONVERSION = YES;
				GCC_WARN_ABOUT_RETURN_TYPE = YES_ERROR;
				GCC_WARN_UNDECLARED_SELECTOR = YES;
				GCC_WARN_UNINITIALIZED_AUTOS = YES_AGGRESSIVE;
				GCC_WARN_UNUSED_FUNCTION = YES;
				GCC_WARN_UNUSED_VARIABLE = YES;
				IPHONEOS_DEPLOYMENT_TARGET = 17.2;
				LOCALIZATION_PREFERS_STRING_CATALOGS = YES;
				MTL_ENABLE_DEBUG_INFO = INCLUDE_SOURCE;
				MTL_FAST_MATH = YES;
				ONLY_ACTIVE_ARCH = YES;
				SDKROOT = iphoneos;
				SWIFT_ACTIVE_COMPILATION_CONDITIONS = "DEBUG $(inherited)";
				SWIFT_OPTIMIZATION_LEVEL = "-Onone";
			};
			name = Debug;
		};
		9BF5147F2B94F94700C75AFC /* Release */ = {
			isa = XCBuildConfiguration;
			buildSettings = {
				ALWAYS_SEARCH_USER_PATHS = NO;
				ASSETCATALOG_COMPILER_GENERATE_SWIFT_ASSET_SYMBOL_EXTENSIONS = YES;
				CLANG_ANALYZER_NONNULL = YES;
				CLANG_ANALYZER_NUMBER_OBJECT_CONVERSION = YES_AGGRESSIVE;
				CLANG_CXX_LANGUAGE_STANDARD = "gnu++20";
				CLANG_ENABLE_MODULES = YES;
				CLANG_ENABLE_OBJC_ARC = YES;
				CLANG_ENABLE_OBJC_WEAK = YES;
				CLANG_WARN_BLOCK_CAPTURE_AUTORELEASING = YES;
				CLANG_WARN_BOOL_CONVERSION = YES;
				CLANG_WARN_COMMA = YES;
				CLANG_WARN_CONSTANT_CONVERSION = YES;
				CLANG_WARN_DEPRECATED_OBJC_IMPLEMENTATIONS = YES;
				CLANG_WARN_DIRECT_OBJC_ISA_USAGE = YES_ERROR;
				CLANG_WARN_DOCUMENTATION_COMMENTS = YES;
				CLANG_WARN_EMPTY_BODY = YES;
				CLANG_WARN_ENUM_CONVERSION = YES;
				CLANG_WARN_INFINITE_RECURSION = YES;
				CLANG_WARN_INT_CONVERSION = YES;
				CLANG_WARN_NON_LITERAL_NULL_CONVERSION = YES;
				CLANG_WARN_OBJC_IMPLICIT_RETAIN_SELF = YES;
				CLANG_WARN_OBJC_LITERAL_CONVERSION = YES;
				CLANG_WARN_OBJC_ROOT_CLASS = YES_ERROR;
				CLANG_WARN_QUOTED_INCLUDE_IN_FRAMEWORK_HEADER = YES;
				CLANG_WARN_RANGE_LOOP_ANALYSIS = YES;
				CLANG_WARN_STRICT_PROTOTYPES = YES;
				CLANG_WARN_SUSPICIOUS_MOVE = YES;
				CLANG_WARN_UNGUARDED_AVAILABILITY = YES_AGGRESSIVE;
				CLANG_WARN_UNREACHABLE_CODE = YES;
				CLANG_WARN__DUPLICATE_METHOD_MATCH = YES;
				COPY_PHASE_STRIP = NO;
				DEBUG_INFORMATION_FORMAT = "dwarf-with-dsym";
				ENABLE_NS_ASSERTIONS = NO;
				ENABLE_STRICT_OBJC_MSGSEND = YES;
				ENABLE_USER_SCRIPT_SANDBOXING = YES;
				GCC_C_LANGUAGE_STANDARD = gnu17;
				GCC_NO_COMMON_BLOCKS = YES;
				GCC_WARN_64_TO_32_BIT_CONVERSION = YES;
				GCC_WARN_ABOUT_RETURN_TYPE = YES_ERROR;
				GCC_WARN_UNDECLARED_SELECTOR = YES;
				GCC_WARN_UNINITIALIZED_AUTOS = YES_AGGRESSIVE;
				GCC_WARN_UNUSED_FUNCTION = YES;
				GCC_WARN_UNUSED_VARIABLE = YES;
				IPHONEOS_DEPLOYMENT_TARGET = 17.2;
				LOCALIZATION_PREFERS_STRING_CATALOGS = YES;
				MTL_ENABLE_DEBUG_INFO = NO;
				MTL_FAST_MATH = YES;
				SDKROOT = iphoneos;
				SWIFT_COMPILATION_MODE = wholemodule;
				VALIDATE_PRODUCT = YES;
			};
			name = Release;
		};
		9BF514812B94F94700C75AFC /* Debug */ = {
			isa = XCBuildConfiguration;
			buildSettings = {
				ASSETCATALOG_COMPILER_APPICON_NAME = AppIcon;
				ASSETCATALOG_COMPILER_GLOBAL_ACCENT_COLOR_NAME = AccentColor;
				CODE_SIGN_IDENTITY = "Apple Development";
				CODE_SIGN_STYLE = Automatic;
				CURRENT_PROJECT_VERSION = 1;
				DEVELOPMENT_ASSET_PATHS = "\"SpellingAppOnline/Preview Content\"";
				DEVELOPMENT_TEAM = 2866SQ72L8;
				ENABLE_PREVIEWS = YES;
				GENERATE_INFOPLIST_FILE = YES;
				INFOPLIST_KEY_UIApplicationSceneManifest_Generation = YES;
				INFOPLIST_KEY_UIApplicationSupportsIndirectInputEvents = YES;
				INFOPLIST_KEY_UILaunchScreen_Generation = YES;
				INFOPLIST_KEY_UISupportedInterfaceOrientations_iPad = "UIInterfaceOrientationPortrait UIInterfaceOrientationPortraitUpsideDown UIInterfaceOrientationLandscapeLeft UIInterfaceOrientationLandscapeRight";
				INFOPLIST_KEY_UISupportedInterfaceOrientations_iPhone = "UIInterfaceOrientationPortrait UIInterfaceOrientationLandscapeLeft UIInterfaceOrientationLandscapeRight";
				LD_RUNPATH_SEARCH_PATHS = (
					"$(inherited)",
					"@executable_path/Frameworks",
				);
				MARKETING_VERSION = 1.0;
				PRODUCT_BUNDLE_IDENTIFIER = com.antoine.SpellingAppOnlinesomething;
				PRODUCT_NAME = "$(TARGET_NAME)";
				PROVISIONING_PROFILE_SPECIFIER = "";
				SWIFT_EMIT_LOC_STRINGS = YES;
				SWIFT_VERSION = 5.0;
				TARGETED_DEVICE_FAMILY = "1,2";
			};
			name = Debug;
		};
		9BF514822B94F94700C75AFC /* Release */ = {
			isa = XCBuildConfiguration;
			buildSettings = {
				ASSETCATALOG_COMPILER_APPICON_NAME = AppIcon;
				ASSETCATALOG_COMPILER_GLOBAL_ACCENT_COLOR_NAME = AccentColor;
				CODE_SIGN_IDENTITY = "Apple Development";
				CODE_SIGN_STYLE = Automatic;
				CURRENT_PROJECT_VERSION = 1;
				DEVELOPMENT_ASSET_PATHS = "\"SpellingAppOnline/Preview Content\"";
				DEVELOPMENT_TEAM = 2866SQ72L8;
				ENABLE_PREVIEWS = YES;
				GENERATE_INFOPLIST_FILE = YES;
				INFOPLIST_KEY_UIApplicationSceneManifest_Generation = YES;
				INFOPLIST_KEY_UIApplicationSupportsIndirectInputEvents = YES;
				INFOPLIST_KEY_UILaunchScreen_Generation = YES;
				INFOPLIST_KEY_UISupportedInterfaceOrientations_iPad = "UIInterfaceOrientationPortrait UIInterfaceOrientationPortraitUpsideDown UIInterfaceOrientationLandscapeLeft UIInterfaceOrientationLandscapeRight";
				INFOPLIST_KEY_UISupportedInterfaceOrientations_iPhone = "UIInterfaceOrientationPortrait UIInterfaceOrientationLandscapeLeft UIInterfaceOrientationLandscapeRight";
				LD_RUNPATH_SEARCH_PATHS = (
					"$(inherited)",
					"@executable_path/Frameworks",
				);
				MARKETING_VERSION = 1.0;
				PRODUCT_BUNDLE_IDENTIFIER = com.antoine.SpellingAppOnlinesomething;
				PRODUCT_NAME = "$(TARGET_NAME)";
				PROVISIONING_PROFILE_SPECIFIER = "";
				SWIFT_EMIT_LOC_STRINGS = YES;
				SWIFT_VERSION = 5.0;
				TARGETED_DEVICE_FAMILY = "1,2";
			};
			name = Release;
		};
		9BF514842B94F94700C75AFC /* Debug */ = {
			isa = XCBuildConfiguration;
			buildSettings = {
				ALWAYS_EMBED_SWIFT_STANDARD_LIBRARIES = YES;
				BUNDLE_LOADER = "$(TEST_HOST)";
				CODE_SIGN_STYLE = Automatic;
				CURRENT_PROJECT_VERSION = 1;
				GENERATE_INFOPLIST_FILE = YES;
				IPHONEOS_DEPLOYMENT_TARGET = 17.2;
				MARKETING_VERSION = 1.0;
				PRODUCT_BUNDLE_IDENTIFIER = nonetoday.SpellingAppOnlineTests;
				PRODUCT_NAME = "$(TARGET_NAME)";
				SWIFT_EMIT_LOC_STRINGS = NO;
				SWIFT_VERSION = 5.0;
				TARGETED_DEVICE_FAMILY = "1,2";
				TEST_HOST = "$(BUILT_PRODUCTS_DIR)/SpellingAppOnline.app/$(BUNDLE_EXECUTABLE_FOLDER_PATH)/SpellingAppOnline";
			};
			name = Debug;
		};
		9BF514852B94F94700C75AFC /* Release */ = {
			isa = XCBuildConfiguration;
			buildSettings = {
				ALWAYS_EMBED_SWIFT_STANDARD_LIBRARIES = YES;
				BUNDLE_LOADER = "$(TEST_HOST)";
				CODE_SIGN_STYLE = Automatic;
				CURRENT_PROJECT_VERSION = 1;
				GENERATE_INFOPLIST_FILE = YES;
				IPHONEOS_DEPLOYMENT_TARGET = 17.2;
				MARKETING_VERSION = 1.0;
				PRODUCT_BUNDLE_IDENTIFIER = nonetoday.SpellingAppOnlineTests;
				PRODUCT_NAME = "$(TARGET_NAME)";
				SWIFT_EMIT_LOC_STRINGS = NO;
				SWIFT_VERSION = 5.0;
				TARGETED_DEVICE_FAMILY = "1,2";
				TEST_HOST = "$(BUILT_PRODUCTS_DIR)/SpellingAppOnline.app/$(BUNDLE_EXECUTABLE_FOLDER_PATH)/SpellingAppOnline";
			};
			name = Release;
		};
		9BF514872B94F94700C75AFC /* Debug */ = {
			isa = XCBuildConfiguration;
			buildSettings = {
				ALWAYS_EMBED_SWIFT_STANDARD_LIBRARIES = YES;
				CODE_SIGN_STYLE = Automatic;
				CURRENT_PROJECT_VERSION = 1;
				GENERATE_INFOPLIST_FILE = YES;
				MARKETING_VERSION = 1.0;
				PRODUCT_BUNDLE_IDENTIFIER = nonetoday.SpellingAppOnlineUITests;
				PRODUCT_NAME = "$(TARGET_NAME)";
				SWIFT_EMIT_LOC_STRINGS = NO;
				SWIFT_VERSION = 5.0;
				TARGETED_DEVICE_FAMILY = "1,2";
				TEST_TARGET_NAME = SpellingAppOnline;
			};
			name = Debug;
		};
		9BF514882B94F94700C75AFC /* Release */ = {
			isa = XCBuildConfiguration;
			buildSettings = {
				ALWAYS_EMBED_SWIFT_STANDARD_LIBRARIES = YES;
				CODE_SIGN_STYLE = Automatic;
				CURRENT_PROJECT_VERSION = 1;
				GENERATE_INFOPLIST_FILE = YES;
				MARKETING_VERSION = 1.0;
				PRODUCT_BUNDLE_IDENTIFIER = nonetoday.SpellingAppOnlineUITests;
				PRODUCT_NAME = "$(TARGET_NAME)";
				SWIFT_EMIT_LOC_STRINGS = NO;
				SWIFT_VERSION = 5.0;
				TARGETED_DEVICE_FAMILY = "1,2";
				TEST_TARGET_NAME = SpellingAppOnline;
			};
			name = Release;
		};
/* End XCBuildConfiguration section */

/* Begin XCConfigurationList section */
		9BF514572B94F94500C75AFC /* Build configuration list for PBXProject "SpellingAppOnline" */ = {
			isa = XCConfigurationList;
			buildConfigurations = (
				9BF5147E2B94F94700C75AFC /* Debug */,
				9BF5147F2B94F94700C75AFC /* Release */,
			);
			defaultConfigurationIsVisible = 0;
			defaultConfigurationName = Release;
		};
		9BF514802B94F94700C75AFC /* Build configuration list for PBXNativeTarget "SpellingAppOnline" */ = {
			isa = XCConfigurationList;
			buildConfigurations = (
				9BF514812B94F94700C75AFC /* Debug */,
				9BF514822B94F94700C75AFC /* Release */,
			);
			defaultConfigurationIsVisible = 0;
			defaultConfigurationName = Release;
		};
		9BF514832B94F94700C75AFC /* Build configuration list for PBXNativeTarget "SpellingAppOnlineTests" */ = {
			isa = XCConfigurationList;
			buildConfigurations = (
				9BF514842B94F94700C75AFC /* Debug */,
				9BF514852B94F94700C75AFC /* Release */,
			);
			defaultConfigurationIsVisible = 0;
			defaultConfigurationName = Release;
		};
		9BF514862B94F94700C75AFC /* Build configuration list for PBXNativeTarget "SpellingAppOnlineUITests" */ = {
			isa = XCConfigurationList;
			buildConfigurations = (
				9BF514872B94F94700C75AFC /* Debug */,
				9BF514882B94F94700C75AFC /* Release */,
			);
			defaultConfigurationIsVisible = 0;
			defaultConfigurationName = Release;
		};
/* End XCConfigurationList section */
	};
	rootObject = 9BF514542B94F94500C75AFC /* Project object */;
}
